
Microsoft Visual Studio Solution File, Format Version 12.00
# Visual Studio Version 16
VisualStudioVersion = 16.0.31829.152
MinimumVisualStudioVersion = 10.0.40219.1
Project("{9A19103F-16F7-4668-BE54-9A1E7A4F7556}") = "Functionality.Ioc.Autofac", "Functionality.Ioc.Autofac\Functionality.Ioc.Autofac.csproj", "{FDEDEEB7-0996-46A0-9404-D36110DE1458}"
EndProject
Project("{2150E333-8FDC-42A3-9474-1A3956D46DE8}") = "Tests", "Tests", "{F4A7B974-B3BB-4303-8B60-7B08770FE7A1}"
EndProject
Project("{FAE04EC0-301F-11D3-BF4B-00C04F79EFBC}") = "Functionality.Ioc.Autofac.Test", "Functionality.Ioc.Autofac.Test\Functionality.Ioc.Autofac.Test.csproj", "{E5D088E5-CAC4-45FC-AE49-93D40C84B290}"
EndProject
Global
	GlobalSection(SolutionConfigurationPlatforms) = preSolution
		Debug|Any CPU = Debug|Any CPU
		Release|Any CPU = Release|Any CPU
	EndGlobalSection
	GlobalSection(ProjectConfigurationPlatforms) = postSolution
		{FDEDEEB7-0996-46A0-9404-D36110DE1458}.Debug|Any CPU.ActiveCfg = Debug|Any CPU
		{FDEDEEB7-0996-46A0-9404-D36110DE1458}.Debug|Any CPU.Build.0 = Debug|Any CPU
		{FDEDEEB7-0996-46A0-9404-D36110DE1458}.Release|Any CPU.ActiveCfg = Release|Any CPU
		{FDEDEEB7-0996-46A0-9404-D36110DE1458}.Release|Any CPU.Build.0 = Release|Any CPU
		{E5D088E5-CAC4-45FC-AE49-93D40C84B290}.Debug|Any CPU.ActiveCfg = Debug|Any CPU
		{E5D088E5-CAC4-45FC-AE49-93D40C84B290}.Debug|Any CPU.Build.0 = Debug|Any CPU
		{E5D088E5-CAC4-45FC-AE49-93D40C84B290}.Release|Any CPU.ActiveCfg = Release|Any CPU
		{E5D088E5-CAC4-45FC-AE49-93D40C84B290}.Release|Any CPU.Build.0 = Release|Any CPU
	EndGlobalSection
	GlobalSection(SolutionProperties) = preSolution
		HideSolutionNode = FALSE
	EndGlobalSection
	GlobalSection(NestedProjects) = preSolution
		{E5D088E5-CAC4-45FC-AE49-93D40C84B290} = {F4A7B974-B3BB-4303-8B60-7B08770FE7A1}
	EndGlobalSection
	GlobalSection(ExtensibilityGlobals) = postSolution
		SolutionGuid = {FCF42BFB-4463-4220-80EA-8394937B7164}
	EndGlobalSection
EndGlobal
